rust-runner=rust:1.97.0-bookworm@sha256:7d0723df719e7f213b69dc7c8c595985c3f4b060cfbee4f7bc0e347a86fe3b6a
etcd=quay.io/coreos/etcd:v3.5.17@sha256:a055da833a7c013b836ed0822e8ec1f99b059658be255ad8d0fcd31b635ae3d6
kind-node=kindest/node:v1.35.0@sha256:4613778f3cfcd10e615029370f5786704559103cf27bef934597ba562b269661
busybox=busybox:1.37.0@sha256:9532d8c39891ca2ecde4d30d7710e01fb739c87a8b9299685c63704296b16028
